{
  "name": "@seneca/learnworlds-provider",
  "version": "0.0.1",
  "lockfileVersion": 3,
  "requires": true,
  "packages": {
    "": {
      "name": "@seneca/learnworlds-provider",
      "version": "0.0.1",
      "license": "MIT",
      "devDependencies": {
        "@types/node": "^24.0.14",
        "dotenv": "^16.4.5",
        "seneca": "^4.0.0-rc5",
        "typescript": "^5.8.3"
      },
      "peerDependencies": {
        "@seneca/env": ">=0",
        "@seneca/provider": ">=3",
        "@voxgig-sdk/learnworlds": ">=0",
        "seneca-entity": ">=28"
      }
    },
    "node_modules/@hapi/hoek": {
      "version": "9.3.0",
      "resolved": "https://registry.npmjs.org/@hapi/hoek/-/hoek-9.3.0.tgz",
      "integrity": "sha512-/c6rf4UJlmHlC9b5BaNvzAcFv7HZ2QHaV0D4/HNlBdvFnvQq8RI4kYdhyPCl7Xj+oWvTWQ8ujhqS53LIgAe6KQ==",
      "license": "BSD-3-Clause"
    },
    "node_modules/@seneca/env": {
      "version": "0.5.0",
      "resolved": "https://registry.npmjs.org/@seneca/env/-/env-0.5.0.tgz",
      "integrity": "sha512-lkr+KVUS64863iSV9mBN6ouCh9BJlQGr5vkkvzfiaR7AsptoX1wIWawmMXyQzlO/9caWQjg9ulTadnJjOPgPgw==",
      "license": "MIT",
      "peer": true,
      "engines": {
        "node": ">=12"
      },
      "peerDependencies": {
        "seneca": ">=3||>=4.0.0-rc2"
      }
    },
    "node_modules/@seneca/provider": {
      "version": "3.1.0",
      "resolved": "https://registry.npmjs.org/@seneca/provider/-/provider-3.1.0.tgz",
      "integrity": "sha512-aK/D+Jtmq3UFulxD8OTztzA91A/vFG7bBNanAnJ5kQtObjWw2JC8o88MC697A1AvDte92e3mD/mxc7tTYTuprg==",
      "license": "MIT",
      "peer": true,
      "engines": {
        "node": ">=14"
      },
      "peerDependencies": {
        "@seneca/env": ">=0.4",
        "node-fetch": "3",
        "seneca": ">=3||>=4.0.0-rc2",
        "seneca-entity": ">=26",
        "seneca-promisify": ">=3"
      }
    },
    "node_modules/@types/node": {
      "version": "24.2.0",
      "resolved": "https://registry.npmjs.org/@types/node/-/node-24.2.0.tgz",
      "integrity": "sha512-3xyG3pMCq3oYCNg7/ZP+E1ooTaGB4cG8JWRsqqOYQdbWNY4zbaV0Ennrd7stjiJEFZCaybcIgpTjJWHRfBSIDw==",
      "dev": true,
      "license": "MIT",
      "dependencies": {
        "undici-types": "~7.10.0"
      }
    },
    "node_modules/@voxgig-sdk/learnworlds": {
      "version": "0.0.1",
      "resolved": "https://registry.npmjs.org/@voxgig-sdk/learnworlds/-/learnworlds-0.0.1.tgz",
      "integrity": "sha512-bf1H9boeKjvG2qc+I5JhrliiXATjs3pza5UW6rrjK+OrZEKtZh4wcIVLxBOLgv7zy27rPjtp62RZpiV7XN2Qsw==",
      "license": "MIT",
      "peer": true
    },
    "node_modules/data-uri-to-buffer": {
      "version": "4.0.1",
      "resolved": "https://registry.npmjs.org/data-uri-to-buffer/-/data-uri-to-buffer-4.0.1.tgz",
      "integrity": "sha512-0R9ikRb668HB7QDxT1vkpuUBtqc53YyAwMwGeUFKRojY/NWKvdZ+9UYtRfGmhqNbRkTSVpMbmyhXipFFv2cb/A==",
      "license": "MIT",
      "peer": true,
      "engines": {
        "node": ">= 12"
      }
    },
    "node_modules/dotenv": {
      "version": "16.6.1",
      "resolved": "https://registry.npmjs.org/dotenv/-/dotenv-16.6.1.tgz",
      "integrity": "sha512-uBq4egWHTcTt33a72vpSG0z3HnPuIl6NqYcTrKEg2azoEyl2hpW0zqlxysq2pK9HlDIHyHyakeYaYnSAwd8bow==",
      "dev": true,
      "license": "BSD-2-Clause",
      "engines": {
        "node": ">=12"
      },
      "funding": {
        "url": "https://dotenvx.com"
      }
    },
    "node_modules/eraro": {
      "version": "3.0.1",
      "resolved": "https://registry.npmjs.org/eraro/-/eraro-3.0.1.tgz",
      "integrity": "sha512-rMCSYZ0RHNUHAIZ7qjMEZzPFfSJJh4X4bw0Wt4mnBeAp7qH/HmwxWuh7XQHRARlY0Wfx0on2iZMG6jBGVfbW2A==",
      "license": "MIT"
    },
    "node_modules/fast-safe-stringify": {
      "version": "2.1.1",
      "resolved": "https://registry.npmjs.org/fast-safe-stringify/-/fast-safe-stringify-2.1.1.tgz",
      "integrity": "sha512-W+KJc2dmILlPplD/H4K9l9LcAHAfPtP6BY84uVLXQ6Evcz9Lcg33Y2z1IVblT6xdY54PXYVHEv+0Wpq8Io6zkA==",
      "license": "MIT"
    },
    "node_modules/fetch-blob": {
      "version": "3.2.0",
      "resolved": "https://registry.npmjs.org/fetch-blob/-/fetch-blob-3.2.0.tgz",
      "integrity": "sha512-7yAQpD2UMJzLi1Dqv7qFYnPbaPx7ZfFK6PiIxQ4PfkGPyNyl2Ugx+a/umUonmKqjhM4DnfbMvdX6otXq83soQQ==",
      "funding": [
        {
          "type": "github",
          "url": "https://github.com/sponsors/jimmywarting"
        },
        {
          "type": "paypal",
          "url": "https://paypal.me/jimmywarting"
        }
      ],
      "license": "MIT",
      "peer": true,
      "dependencies": {
        "node-domexception": "^1.0.0",
        "web-streams-polyfill": "^3.0.3"
      },
      "engines": {
        "node": "^12.20 || >= 14.13"
      }
    },
    "node_modules/formdata-polyfill": {
      "version": "4.0.10",
      "resolved": "https://registry.npmjs.org/formdata-polyfill/-/formdata-polyfill-4.0.10.tgz",
      "integrity": "sha512-buewHzMvYL29jdeQTVILecSaZKnt/RJWjoZCF5OW60Z67/GmSLBkOFM7qh1PI3zFNtJbaZL5eQu1vLfazOwj4g==",
      "license": "MIT",
      "peer": true,
      "dependencies": {
        "fetch-blob": "^3.1.2"
      },
      "engines": {
        "node": ">=12.20.0"
      }
    },
    "node_modules/gate-executor": {
      "version": "3.1.1",
      "resolved": "https://registry.npmjs.org/gate-executor/-/gate-executor-3.1.1.tgz",
      "integrity": "sha512-agq1D2Ly5AWl7mOxpgVj1WP6XvFLzck6FuRmzeRiDN7l4Ur1VoAZOP9ogXFr+IEfHtCK2IqdPtDPQP3Dg5m+0w==",
      "license": "MIT",
      "engines": {
        "node": ">=12.0.0"
      }
    },
    "node_modules/gex": {
      "version": "4.0.1",
      "resolved": "https://registry.npmjs.org/gex/-/gex-4.0.1.tgz",
      "integrity": "sha512-ittHFE0p3RwRVQf7UHAS5tQPwtsUxrnQbnOD3iN3b/b/XDnhJt/U5TBXyB6WAY2G65aIFZZBkpNaxzSqDEx9lA==",
      "license": "MIT"
    },
    "node_modules/gubu": {
      "version": "9.0.0",
      "resolved": "https://registry.npmjs.org/gubu/-/gubu-9.0.0.tgz",
      "integrity": "sha512-ha4I76HekhYzoXoA5gJql3ql/fTRaj+pyQUwOITCuEENE8sdInUU1lc0+Wr7v4GeAh0Kh8sUCNuwwOw6DHRYTA==",
      "license": "MIT",
      "engines": {
        "node": ">=14"
      }
    },
    "node_modules/jsonic": {
      "version": "2.16.0",
      "resolved": "https://registry.npmjs.org/jsonic/-/jsonic-2.16.0.tgz",
      "integrity": "sha512-qxsSBQzcP/vC0ZIhuPtj1db0T7NA+knH30vIPzm7W7C7J0LJ/hqkvda50Xlo8JAAu7rNBbO/aWvcsycyG4kvjg==",
      "license": "MIT",
      "bin": {
        "jsonic": "bin/jsonic"
      }
    },
    "node_modules/lodash.defaultsdeep": {
      "version": "4.6.1",
      "resolved": "https://registry.npmjs.org/lodash.defaultsdeep/-/lodash.defaultsdeep-4.6.1.tgz",
      "integrity": "sha512-3j8wdDzYuWO3lM3Reg03MuQR957t287Rpcxp1njpEa8oDrikb+FwGdW3n+FELh/A6qib6yPit0j/pv9G/yeAqA==",
      "license": "MIT"
    },
    "node_modules/lodash.flatten": {
      "version": "4.4.0",
      "resolved": "https://registry.npmjs.org/lodash.flatten/-/lodash.flatten-4.4.0.tgz",
      "integrity": "sha512-C5N2Z3DgnnKr0LOpv/hKCgKdb7ZZwafIrsesve6lmzvZIRZRGaZ/l6Q8+2W7NaT+ZwO3fFlSCzCzrDCFdJfZ4g==",
      "license": "MIT"
    },
    "node_modules/lodash.uniq": {
      "version": "4.5.0",
      "resolved": "https://registry.npmjs.org/lodash.uniq/-/lodash.uniq-4.5.0.tgz",
      "integrity": "sha512-xfBaXQd9ryd9dlSDvnvI0lvxfLJlYAZzXomUYzLKtUeOQvOP5piqAWuGtrhWeqaXK9hhoM/iyJc5AV+XfsX3HQ==",
      "license": "MIT"
    },
    "node_modules/minimist": {
      "version": "1.2.8",
      "resolved": "https://registry.npmjs.org/minimist/-/minimist-1.2.8.tgz",
      "integrity": "sha512-2yyAR8qBkN3YuheJanUpWC5U3bb5osDywNB8RzDVlDwDHbocAJveqqj1u8+SVD7jkWT4yvsHCpWqqWqAxb0zCA==",
      "license": "MIT",
      "funding": {
        "url": "https://github.com/sponsors/ljharb"
      }
    },
    "node_modules/nid": {
      "version": "2.0.1",
      "resolved": "https://registry.npmjs.org/nid/-/nid-2.0.1.tgz",
      "integrity": "sha512-Bbk4beUZSQLm1YDnxoS01+o5nT0ucvwmzQbNShESGjDwb7drDz6ynntaUBpn8R9JhrYZ/uobt4xALy+NVB7WqQ==",
      "license": "MIT",
      "engines": {
        "node": ">=12"
      }
    },
    "node_modules/node-domexception": {
      "version": "1.0.0",
      "resolved": "https://registry.npmjs.org/node-domexception/-/node-domexception-1.0.0.tgz",
      "integrity": "sha512-/jKZoMpw0F8GRwl4/eLROPA3cfcXtLApP0QzLmUT/HuPCZWyB7IY9ZrMeKw2O/nFIqPQB3PVM9aYm0F312AXDQ==",
      "deprecated": "Use your platform's native DOMException instead",
      "funding": [
        {
          "type": "github",
          "url": "https://github.com/sponsors/jimmywarting"
        },
        {
          "type": "github",
          "url": "https://paypal.me/jimmywarting"
        }
      ],
      "license": "MIT",
      "peer": true,
      "engines": {
        "node": ">=10.5.0"
      }
    },
    "node_modules/node-fetch": {
      "version": "3.3.2",
      "resolved": "https://registry.npmjs.org/node-fetch/-/node-fetch-3.3.2.tgz",
      "integrity": "sha512-dRB78srN/l6gqWulah9SrxeYnxeddIG30+GOqK/9OlLVyLg3HPnr6SqOWTWOXKRwC2eGYCkZ59NNuSgvSrpgOA==",
      "license": "MIT",
      "peer": true,
      "dependencies": {
        "data-uri-to-buffer": "^4.0.0",
        "fetch-blob": "^3.1.4",
        "formdata-polyfill": "^4.0.10"
      },
      "engines": {
        "node": "^12.20.0 || ^14.13.1 || >=16.0.0"
      },
      "funding": {
        "type": "opencollective",
        "url": "https://opencollective.com/node-fetch"
      }
    },
    "node_modules/nua": {
      "version": "2.0.1",
      "resolved": "https://registry.npmjs.org/nua/-/nua-2.0.1.tgz",
      "integrity": "sha512-SiL/2rNd7F4HXDzYqbS4qxKYz8hf47R8tNBS8guXlxUxBMXnbB7GLVz04MbGP0FqBVKjn2OaNtOAz1o88h3WjA==",
      "license": "MIT"
    },
    "node_modules/ordu": {
      "version": "2.2.0",
      "resolved": "https://registry.npmjs.org/ordu/-/ordu-2.2.0.tgz",
      "integrity": "sha512-PodC6lVe7P6QjMuOsO10Wk8Q7PA2Ad9dNPal/r/KNK1YOJ3u+is0EUtyTwXRt1adXHG1Z9V1FpVkllg2vHxMyQ==",
      "license": "MIT",
      "dependencies": {
        "@hapi/hoek": "^9.2.1",
        "nua": "^2.0.1",
        "strict-event-emitter-types": "^2.0.0"
      }
    },
    "node_modules/patrun": {
      "version": "7.2.7",
      "resolved": "https://registry.npmjs.org/patrun/-/patrun-7.2.7.tgz",
      "integrity": "sha512-KPQAhxI9/z6QC/Cuy4tOVX6GAAwUvd5RWCCKcVIRRIvNfzLHyhlIdWDvvWQkbhiqMA/wapXkIs3FPadDDLcm4w==",
      "license": "MIT",
      "dependencies": {
        "gex": "^4.0.1"
      }
    },
    "node_modules/rolling-stats": {
      "version": "0.2.1",
      "resolved": "https://registry.npmjs.org/rolling-stats/-/rolling-stats-0.2.1.tgz",
      "integrity": "sha512-A+DC0h7k/3UwFAOEi6He90oMWCrb/Byo8p3bKz+znFQuO1UcsiqosAiLGHyqq68rC601ph+6f7zWhVAFqZF05Q==",
      "license": "MIT"
    },
    "node_modules/seneca": {
      "version": "4.0.0-rc5",
      "resolved": "https://registry.npmjs.org/seneca/-/seneca-4.0.0-rc5.tgz",
      "integrity": "sha512-eNgnfrmT4W9qC/jluy1rLeTLu5o56CejtICZ3J/6DMLFbJw2c3IalR4Qz1QK+jnIdCro0fZSJ3AYQ0fg1qVrXQ==",
      "license": "MIT",
      "dependencies": {
        "eraro": "^3.0.1",
        "fast-safe-stringify": "^2.1.1",
        "gate-executor": "^3.1.1",
        "gubu": "^9.0.0",
        "jsonic": "^2.16.0",
        "lodash.defaultsdeep": "^4.6.1",
        "lodash.flatten": "^4.4.0",
        "lodash.uniq": "^4.5.0",
        "minimist": "^1.2.8",
        "nid": "^2.0.1",
        "ordu": "^2.2.0",
        "patrun": "^7.2.7",
        "rolling-stats": "^0.2.1",
        "use-plugin": "^13.2.0"
      },
      "engines": {
        "node": ">=14"
      }
    },
    "node_modules/seneca-entity": {
      "version": "28.1.0",
      "resolved": "https://registry.npmjs.org/seneca-entity/-/seneca-entity-28.1.0.tgz",
      "integrity": "sha512-ZU6SQL2ujihJF4Jar60ZEHrMGGflwFCrnQ5KUgOV83rqvIuisGfLeBFEQP6aSZG5MGFFJHwkk/34DGYsSZkYSw==",
      "license": "MIT",
      "peer": true,
      "dependencies": {
        "gubu": "^8.2.1",
        "seneca-mem-store": "^9.4.0"
      },
      "engines": {
        "node": ">=16"
      },
      "peerDependencies": {
        "seneca": ">=3||>=4.0.0-rc2",
        "seneca-promisify": ">=3"
      }
    },
    "node_modules/seneca-entity/node_modules/gubu": {
      "version": "8.3.0",
      "resolved": "https://registry.npmjs.org/gubu/-/gubu-8.3.0.tgz",
      "integrity": "sha512-v/CrDWq3VSGDuUxeVjvgeDfDas2w4pi8KHTO2r+AJ2qoIULxCUHXZ+OOFIBRmm2xp3SHOynJtx6VabtYPBYUbQ==",
      "license": "MIT",
      "peer": true,
      "engines": {
        "node": ">=14"
      }
    },
    "node_modules/seneca-mem-store": {
      "version": "9.4.0",
      "resolved": "https://registry.npmjs.org/seneca-mem-store/-/seneca-mem-store-9.4.0.tgz",
      "integrity": "sha512-f4N7Te99WIw8Px5KtnQfPUE2GM0TaDJ7g1wcz7c3ik5z+3PkKPp7F6BVUJxg6/okiqo9iTNmJTa6N32QPaV51g==",
      "license": "MIT",
      "peer": true,
      "dependencies": {
        "gubu": "^8.2.1"
      },
      "peerDependencies": {
        "seneca": ">=3||>=4.0.0-rc2",
        "seneca-entity": ">=27"
      }
    },
    "node_modules/seneca-mem-store/node_modules/gubu": {
      "version": "8.3.0",
      "resolved": "https://registry.npmjs.org/gubu/-/gubu-8.3.0.tgz",
      "integrity": "sha512-v/CrDWq3VSGDuUxeVjvgeDfDas2w4pi8KHTO2r+AJ2qoIULxCUHXZ+OOFIBRmm2xp3SHOynJtx6VabtYPBYUbQ==",
      "license": "MIT",
      "peer": true,
      "engines": {
        "node": ">=14"
      }
    },
    "node_modules/seneca-promisify": {
      "version": "3.7.2",
      "resolved": "https://registry.npmjs.org/seneca-promisify/-/seneca-promisify-3.7.2.tgz",
      "integrity": "sha512-RW/7Q6fZmbeCVgU6VnBLyGupgQSbBei9dR9OKhtLaDUciSmll8GJeCWf44luCSSdzqBNQzS5GwU6GIe4D8teHg==",
      "license": "MIT",
      "peer": true,
      "engines": {
        "node": ">=14"
      },
      "peerDependencies": {
        "seneca": ">=3||>=4.0.0-rc2"
      }
    },
    "node_modules/strict-event-emitter-types": {
      "version": "2.0.0",
      "resolved": "https://registry.npmjs.org/strict-event-emitter-types/-/strict-event-emitter-types-2.0.0.tgz",
      "integrity": "sha512-Nk/brWYpD85WlOgzw5h173aci0Teyv8YdIAEtV+N88nDB0dLlazZyJMIsN6eo1/AR61l+p6CJTG1JIyFaoNEEA==",
      "license": "ISC"
    },
    "node_modules/typescript": {
      "version": "5.9.2",
      "resolved": "https://registry.npmjs.org/typescript/-/typescript-5.9.2.tgz",
      "integrity": "sha512-CWBzXQrc/qOkhidw1OzBTQuYRbfyxDXJMVJ1XNwUHGROVmuaeiEm3OslpZ1RV96d7SKKjZKrSJu3+t/xlw3R9A==",
      "dev": true,
      "license": "Apache-2.0",
      "bin": {
        "tsc": "bin/tsc",
        "tsserver": "bin/tsserver"
      },
      "engines": {
        "node": ">=14.17"
      }
    },
    "node_modules/undici-types": {
      "version": "7.10.0",
      "resolved": "https://registry.npmjs.org/undici-types/-/undici-types-7.10.0.tgz",
      "integrity": "sha512-t5Fy/nfn+14LuOc2KNYg75vZqClpAiqscVvMygNnlsHBFpSXdJaYtXMcdNLpl/Qvc3P2cB3s6lOV51nqsFq4ag==",
      "dev": true,
      "license": "MIT"
    },
    "node_modules/use-plugin": {
      "version": "13.2.0",
      "resolved": "https://registry.npmjs.org/use-plugin/-/use-plugin-13.2.0.tgz",
      "integrity": "sha512-8GU5Ksmp/xXUEtTu9nWhMs7HWXGs3KoabQXwt2IouZl8qIL9dbA9kJYU5u/WLKuDbtw7m2s+4HUyrsY793Edpg==",
      "license": "MIT",
      "dependencies": {
        "eraro": "^3.0.1",
        "gubu": "^8.2.1",
        "lodash.defaultsdeep": "^4.6.1",
        "nid": "^2.0.1"
      },
      "engines": {
        "node": ">=16"
      }
    },
    "node_modules/use-plugin/node_modules/gubu": {
      "version": "8.3.0",
      "resolved": "https://registry.npmjs.org/gubu/-/gubu-8.3.0.tgz",
      "integrity": "sha512-v/CrDWq3VSGDuUxeVjvgeDfDas2w4pi8KHTO2r+AJ2qoIULxCUHXZ+OOFIBRmm2xp3SHOynJtx6VabtYPBYUbQ==",
      "license": "MIT",
      "engines": {
        "node": ">=14"
      }
    },
    "node_modules/web-streams-polyfill": {
      "version": "3.3.3",
      "resolved": "https://registry.npmjs.org/web-streams-polyfill/-/web-streams-polyfill-3.3.3.tgz",
      "integrity": "sha512-d2JWLCivmZYTSIoge9MsgFCZrt571BikcWGYkjC1khllbTeDlGqZ2D8vD8E/lJa8WGWbb7Plm8/XJYV7IJHZZw==",
      "license": "MIT",
      "peer": true,
      "engines": {
        "node": ">= 8"
      }
    }
  }
}
